
Microsoft Visual Studio Solution File, Format Version 12.00
# Visual Studio Version 16
VisualStudioVersion = 16.0.30413.136
MinimumVisualStudioVersion = 10.0.40219.1
Project("{9A19103F-16F7-4668-BE54-9A1E7A4F7556}") = "RestarauntManager", "RestarauntManager\RestarauntManager.csproj", "{E04BEC58-50C6-4583-9D95-242FED7FDD02}"
EndProject
Project("{FAE04EC0-301F-11D3-BF4B-00C04F79EFBC}") = "RestarauntManager.Tests", "RestarauntManagarer.Tests\RestarauntManager.Tests.csproj", "{007C5810-1939-44FA-A323-2182BDB7BD63}"
EndProject
Global
	GlobalSection(SolutionConfigurationPlatforms) = preSolution
		Debug|Any CPU = Debug|Any CPU
		Release|Any CPU = Release|Any CPU
	EndGlobalSection
	GlobalSection(ProjectConfigurationPlatforms) = postSolution
		{E04BEC58-50C6-4583-9D95-242FED7FDD02}.Debug|Any CPU.ActiveCfg = Debug|Any CPU
		{E04BEC58-50C6-4583-9D95-242FED7FDD02}.Debug|Any CPU.Build.0 = Debug|Any CPU
		{E04BEC58-50C6-4583-9D95-242FED7FDD02}.Release|Any CPU.ActiveCfg = Release|Any CPU
		{E04BEC58-50C6-4583-9D95-242FED7FDD02}.Release|Any CPU.Build.0 = Release|Any CPU
		{007C5810-1939-44FA-A323-2182BDB7BD63}.Debug|Any CPU.ActiveCfg = Debug|Any CPU
		{007C5810-1939-44FA-A323-2182BDB7BD63}.Debug|Any CPU.Build.0 = Debug|Any CPU
		{007C5810-1939-44FA-A323-2182BDB7BD63}.Release|Any CPU.ActiveCfg = Release|Any CPU
		{007C5810-1939-44FA-A323-2182BDB7BD63}.Release|Any CPU.Build.0 = Release|Any CPU
	EndGlobalSection
	GlobalSection(SolutionProperties) = preSolution
		HideSolutionNode = FALSE
	EndGlobalSection
	GlobalSection(ExtensibilityGlobals) = postSolution
		SolutionGuid = {A8266F93-DC2B-4A08-81E3-4254ED81421F}
	EndGlobalSection
EndGlobal
